
Microsoft Visual Studio Solution File, Format Version 12.00
# Visual Studio Version 17
VisualStudioVersion = 17.3.32901.215
MinimumVisualStudioVersion = 10.0.40219.1
Project("{9A19103F-16F7-4668-BE54-9A1E7A4F7556}") = "BooksAssignment", "BooksAssignment\BooksAssignment.csproj", "{696ADBEC-CF4B-468A-A794-30240E8B4DDD}"
EndProject
Project("{FAE04EC0-301F-11D3-BF4B-00C04F79EFBC}") = "BookAssignmentTest", "BookAssignmentTest\BookAssignmentTest.csproj", "{1BE00BCB-EA7F-4BD3-8687-9620E0B0D039}"
EndProject
Global
	GlobalSection(SolutionConfigurationPlatforms) = preSolution
		Debug|Any CPU = Debug|Any CPU
		Release|Any CPU = Release|Any CPU
	EndGlobalSection
	GlobalSection(ProjectConfigurationPlatforms) = postSolution
		{696ADBEC-CF4B-468A-A794-30240E8B4DDD}.Debug|Any CPU.ActiveCfg = Debug|Any CPU
		{696ADBEC-CF4B-468A-A794-30240E8B4DDD}.Debug|Any CPU.Build.0 = Debug|Any CPU
		{696ADBEC-CF4B-468A-A794-30240E8B4DDD}.Release|Any CPU.ActiveCfg = Release|Any CPU
		{696ADBEC-CF4B-468A-A794-30240E8B4DDD}.Release|Any CPU.Build.0 = Release|Any CPU
		{1BE00BCB-EA7F-4BD3-8687-9620E0B0D039}.Debug|Any CPU.ActiveCfg = Debug|Any CPU
		{1BE00BCB-EA7F-4BD3-8687-9620E0B0D039}.Debug|Any CPU.Build.0 = Debug|Any CPU
		{1BE00BCB-EA7F-4BD3-8687-9620E0B0D039}.Release|Any CPU.ActiveCfg = Release|Any CPU
		{1BE00BCB-EA7F-4BD3-8687-9620E0B0D039}.Release|Any CPU.Build.0 = Release|Any CPU
	EndGlobalSection
	GlobalSection(SolutionProperties) = preSolution
		HideSolutionNode = FALSE
	EndGlobalSection
	GlobalSection(ExtensibilityGlobals) = postSolution
		SolutionGuid = {83C4BF42-A56A-4583-9C0C-47A6C31BA50B}
	EndGlobalSection
EndGlobal
